
Microsoft Visual Studio Solution File, Format Version 12.00
# Visual Studio Version 16
VisualStudioVersion = 16.0.29509.3
MinimumVisualStudioVersion = 10.0.40219.1
Project("{FAE04EC0-301F-11D3-BF4B-00C04F79EFBC}") = "EasyScadaApp", "EasyScadaApp\EasyScadaApp.csproj", "{57C1A59A-6350-45CB-846A-A2B37BBED1D4}"
EndProject
Project("{FAE04EC0-301F-11D3-BF4B-00C04F79EFBC}") = "DataRepository", "DataRepository\DataRepository.csproj", "{8E5DBEB7-A3B9-45F9-9143-A76A8747496C}"
EndProject
Project("{FAE04EC0-301F-11D3-BF4B-00C04F79EFBC}") = "WPFUserControl", "WPFUserControl\WPFUserControl.csproj", "{973CB492-ECF1-4E88-B96B-458D61BE6F03}"
EndProject
Project("{FAE04EC0-301F-11D3-BF4B-00C04F79EFBC}") = "WpfApp1", "WpfApp1\WpfApp1.csproj", "{EECF3120-2BDF-4FA1-BC11-4C8ACF941E81}"
EndProject
Project("{FAE04EC0-301F-11D3-BF4B-00C04F79EFBC}") = "WebAPI", "WebAPI\WebAPI.csproj", "{EFF4D7B6-8FE9-4A22-929A-F4DF383E2DD4}"
EndProject
Global
	GlobalSection(SolutionConfigurationPlatforms) = preSolution
		Debug|Any CPU = Debug|Any CPU
		Release|Any CPU = Release|Any CPU
	EndGlobalSection
	GlobalSection(ProjectConfigurationPlatforms) = postSolution
		{57C1A59A-6350-45CB-846A-A2B37BBED1D4}.Debug|Any CPU.ActiveCfg = Debug|Any CPU
		{57C1A59A-6350-45CB-846A-A2B37BBED1D4}.Debug|Any CPU.Build.0 = Debug|Any CPU
		{57C1A59A-6350-45CB-846A-A2B37BBED1D4}.Release|Any CPU.ActiveCfg = Release|Any CPU
		{57C1A59A-6350-45CB-846A-A2B37BBED1D4}.Release|Any CPU.Build.0 = Release|Any CPU
		{8E5DBEB7-A3B9-45F9-9143-A76A8747496C}.Debug|Any CPU.ActiveCfg = Debug|Any CPU
		{8E5DBEB7-A3B9-45F9-9143-A76A8747496C}.Debug|Any CPU.Build.0 = Debug|Any CPU
		{8E5DBEB7-A3B9-45F9-9143-A76A8747496C}.Release|Any CPU.ActiveCfg = Release|Any CPU
		{8E5DBEB7-A3B9-45F9-9143-A76A8747496C}.Release|Any CPU.Build.0 = Release|Any CPU
		{973CB492-ECF1-4E88-B96B-458D61BE6F03}.Debug|Any CPU.ActiveCfg = Debug|Any CPU
		{973CB492-ECF1-4E88-B96B-458D61BE6F03}.Debug|Any CPU.Build.0 = Debug|Any CPU
		{973CB492-ECF1-4E88-B96B-458D61BE6F03}.Release|Any CPU.ActiveCfg = Release|Any CPU
		{973CB492-ECF1-4E88-B96B-458D61BE6F03}.Release|Any CPU.Build.0 = Release|Any CPU
		{EECF3120-2BDF-4FA1-BC11-4C8ACF941E81}.Debug|Any CPU.ActiveCfg = Debug|Any CPU
		{EECF3120-2BDF-4FA1-BC11-4C8ACF941E81}.Debug|Any CPU.Build.0 = Debug|Any CPU
		{EECF3120-2BDF-4FA1-BC11-4C8ACF941E81}.Release|Any CPU.ActiveCfg = Release|Any CPU
		{EECF3120-2BDF-4FA1-BC11-4C8ACF941E81}.Release|Any CPU.Build.0 = Release|Any CPU
		{EFF4D7B6-8FE9-4A22-929A-F4DF383E2DD4}.Debug|Any CPU.ActiveCfg = Debug|Any CPU
		{EFF4D7B6-8FE9-4A22-929A-F4DF383E2DD4}.Debug|Any CPU.Build.0 = Debug|Any CPU
		{EFF4D7B6-8FE9-4A22-929A-F4DF383E2DD4}.Release|Any CPU.ActiveCfg = Release|Any CPU
		{EFF4D7B6-8FE9-4A22-929A-F4DF383E2DD4}.Release|Any CPU.Build.0 = Release|Any CPU
	EndGlobalSection
	GlobalSection(SolutionProperties) = preSolution
		HideSolutionNode = FALSE
	EndGlobalSection
	GlobalSection(ExtensibilityGlobals) = postSolution
		SolutionGuid = {807D99EE-E728-4974-B457-FB840FA81A8F}
	EndGlobalSection
EndGlobal
